<?xml version="1.0" encoding="utf-8"?>
<Project ToolsVersion="4.0" xmlns="http://schemas.microsoft.com/developer/msbuild/2003">
  <ItemGroup>
    <Filter Include="GameFramework">
      <UniqueIdentifier>{83790a2c-4568-485a-b501-ba025a0b80bc}</UniqueIdentifier>
    </Filter>
    <Filter Include="GameFramework\Component">
      <UniqueIdentifier>{d11f6d92-3b42-44b1-ae0a-b6bbfd6229d7}</UniqueIdentifier>
    </Filter>
    <Filter Include="System">
      <UniqueIdentifier>{eeef07e9-f515-407d-b307-648eee96849a}</UniqueIdentifier>
    </Filter>
    <Filter Include="efw-engine">
      <UniqueIdentifier>{f8b3bc00-c39e-466f-aab2-d845c0be01ea}</UniqueIdentifier>
    </Filter>
  </ItemGroup>
  <ItemGroup>
    <ClCompile Include="..\GameFramework\Object.cpp">
      <Filter>GameFramework</Filter>
    </ClCompile>
    <ClCompile Include="..\efw-engine\efw-engine.cpp">
      <Filter>efw-engine</Filter>
    </ClCompile>
    <ClCompile Include="..\System\Application.cpp">
      <Filter>System</Filter>
    </ClCompile>
    <ClCompile Include="..\System\SplashScreen.cpp">
      <Filter>System</Filter>
    </ClCompile>
    <ClCompile Include="..\GameFramework\Component\BaseComponent.cpp">
      <Filter>GameFramework\Component</Filter>
    </ClCompile>
    <ClCompile Include="..\GameFramework\Component\TransformComponent.cpp">
      <Filter>GameFramework\Component</Filter>
    </ClCompile>
    <ClCompile Include="..\GameFramework\SceneObject.cpp">
      <Filter>GameFramework</Filter>
    </ClCompile>
    <ClCompile Include="..\GameFramework\Scene.cpp">
      <Filter>GameFramework</Filter>
    </ClCompile>
    <ClCompile Include="..\GameFramework\Component\LuaComponent.cpp" />
  </ItemGroup>
  <ItemGroup>
    <ClInclude Include="..\GameFramework\Object.h">
      <Filter>GameFramework</Filter>
    </ClInclude>
    <ClInclude Include="..\efw-engine\EngineTypes.h">
      <Filter>efw-engine</Filter>
    </ClInclude>
    <ClInclude Include="..\System\Application.h">
      <Filter>System</Filter>
    </ClInclude>
    <ClInclude Include="..\System\SplashScreen.h">
      <Filter>System</Filter>
    </ClInclude>
    <ClInclude Include="..\GameFramework\Component\BaseComponent.h">
      <Filter>GameFramework\Component</Filter>
    </ClInclude>
    <ClInclude Include="..\GameFramework\Component\TransformComponent.h">
      <Filter>GameFramework\Component</Filter>
    </ClInclude>
    <ClInclude Include="..\GameFramework\SceneObject.h">
      <Filter>GameFramework</Filter>
    </ClInclude>
    <ClInclude Include="..\GameFramework\Scene.h">
      <Filter>GameFramework</Filter>
    </ClInclude>
    <ClInclude Include="..\System\ResourceManager.h">
      <Filter>System</Filter>
    </ClInclude>
    <ClInclude Include="..\GameFramework\Component\LuaComponent.h">
      <Filter>GameFramework\Component</Filter>
    </ClInclude>
  </ItemGroup>
</Project>